// !$*UTF8*$!
{
	archiveVersion = 1;
	classes = {
	};
	objectVersion = 56;
	objects = {

/* Begin PBXBuildFile section */
		FAA497E32B14BD35005521A8 /* StateAndBindingStudyApp.swift in Sources */ = {isa = PBXBuildFile; fileRef = FAA497E22B14BD35005521A8 /* StateAndBindingStudyApp.swift */; };
		FAA497E52B14BD35005521A8 /* ContentView.swift in Sources */ = {isa = PBXBuildFile; fileRef = FAA497E42B14BD35005521A8 /* ContentView.swift */; };
		FAA497E72B14BD37005521A8 /* Assets.xcassets in Resources */ = {isa = PBXBuildFile; fileRef = FAA497E62B14BD37005521A8 /* Assets.xcassets */; };
		FAA497EA2B14BD37005521A8 /* Preview Assets.xcassets in Resources */ = {isa = PBXBuildFile; fileRef = FAA497E92B14BD37005521A8 /* Preview Assets.xcassets */; };
		FAA497F42B14BD37005521A8 /* StateAndBindingStudyTests.swift in Sources */ = {isa = PBXBuildFile; fileRef = FAA497F32B14BD37005521A8 /* StateAndBindingStudyTests.swift */; };
		FAA497FE2B14BD37005521A8 /* StateAndBindingStudyUITests.swift in Sources */ = {isa = PBXBuildFile; fileRef = FAA497FD2B14BD37005521A8 /* StateAndBindingStudyUITests.swift */; };
		FAA498002B14BD37005521A8 /* StateAndBindingStudyUITestsLaunchTests.swift in Sources */ = {isa = PBXBuildFile; fileRef = FAA497FF2B14BD37005521A8 /* StateAndBindingStudyUITestsLaunchTests.swift */; };
/* End PBXBuildFile section */

/* Begin PBXContainerItemProxy section */
		FAA497F02B14BD37005521A8 /* PBXContainerItemProxy */ = {
			isa = PBXContainerItemProxy;
			containerPortal = FAA497D72B14BD35005521A8 /* Project object */;
			proxyType = 1;
			remoteGlobalIDString = FAA497DE2B14BD35005521A8;
			remoteInfo = StateAndBindingStudy;
		};
		FAA497FA2B14BD37005521A8 /* PBXContainerItemProxy */ = {
			isa = PBXContainerItemProxy;
			containerPortal = FAA497D72B14BD35005521A8 /* Project object */;
			proxyType = 1;
			remoteGlobalIDString = FAA497DE2B14BD35005521A8;
			remoteInfo = StateAndBindingStudy;
		};
/* End PBXContainerItemProxy section */

/* Begin PBXFileReference section */
		FAA497DF2B14BD35005521A8 /* StateAndBindingStudy.app */ = {isa = PBXFileReference; explicitFileType = wrapper.application; includeInIndex = 0; path = StateAndBindingStudy.app; sourceTree = BUILT_PRODUCTS_DIR; };
		FAA497E22B14BD35005521A8 /* StateAndBindingStudyApp.swift */ = {isa = PBXFileReference; lastKnownFileType = sourcecode.swift; path = StateAndBindingStudyApp.swift; sourceTree = "<group>"; };
		FAA497E42B14BD35005521A8 /* ContentView.swift */ = {isa = PBXFileReference; lastKnownFileType = sourcecode.swift; path = ContentView.swift; sourceTree = "<group>"; };
		FAA497E62B14BD37005521A8 /* Assets.xcassets */ = {isa = PBXFileReference; lastKnownFileType = folder.assetcatalog; path = Assets.xcassets; sourceTree = "<group>"; };
		FAA497E92B14BD37005521A8 /* Preview Assets.xcassets */ = {isa = PBXFileReference; lastKnownFileType = folder.assetcatalog; path = "Preview Assets.xcassets"; sourceTree = "<group>"; };
		FAA497EF2B14BD37005521A8 /* StateAndBindingStudyTests.xctest */ = {isa = PBXFileReference; explicitFileType = wrapper.cfbundle; includeInIndex = 0; path = StateAndBindingStudyTests.xctest; sourceTree = BUILT_PRODUCTS_DIR; };
		FAA497F32B14BD37005521A8 /* StateAndBindingStudyTests.swift */ = {isa = PBXFileReference; lastKnownFileType = sourcecode.swift; path = StateAndBindingStudyTests.swift; sourceTree = "<group>"; };
		FAA497F92B14BD37005521A8 /* StateAndBindingStudyUITests.xctest */ = {isa = PBXFileReference; explicitFileType = wrapper.cfbundle; includeInIndex = 0; path = StateAndBindingStudyUITests.xctest; sourceTree = BUILT_PRODUCTS_DIR; };
		FAA497FD2B14BD37005521A8 /* StateAndBindingStudyUITests.swift */ = {isa = PBXFileReference; lastKnownFileType = sourcecode.swift; path = StateAndBindingStudyUITests.swift; sourceTree = "<group>"; };
		FAA497FF2B14BD37005521A8 /* StateAndBindingStudyUITestsLaunchTests.swift */ = {isa = PBXFileReference; lastKnownFileType = sourcecode.swift; path = StateAndBindingStudyUITestsLaunchTests.swift; sourceTree = "<group>"; };
/* End PBXFileReference section */

/* Begin PBXFrameworksBuildPhase section */
		FAA497DC2B14BD35005521A8 /* Frameworks */ = {
			isa = PBXFrameworksBuildPhase;
			buildActionMask = 2147483647;
			files = (
			);
			runOnlyForDeploymentPostprocessing = 0;
		};
		FAA497EC2B14BD37005521A8 /* Frameworks */ = {
			isa = PBXFrameworksBuildPhase;
			buildActionMask = 2147483647;
			files = (
			);
			runOnlyForDeploymentPostprocessing = 0;
		};
		FAA497F62B14BD37005521A8 /* Frameworks */ = {
			isa = PBXFrameworksBuildPhase;
			buildActionMask = 2147483647;
			files = (
			);
			runOnlyForDeploymentPostprocessing = 0;
		};
/* End PBXFrameworksBuildPhase section */

/* Begin PBXGroup section */
		FAA497D62B14BD35005521A8 = {
			isa = PBXGroup;
			children = (
				FAA497E12B14BD35005521A8 /* StateAndBindingStudy */,
				FAA497F22B14BD37005521A8 /* StateAndBindingStudyTests */,
				FAA497FC2B14BD37005521A8 /* StateAndBindingStudyUITests */,
				FAA497E02B14BD35005521A8 /* Products */,
			);
			sourceTree = "<group>";
		};
		FAA497E02B14BD35005521A8 /* Products */ = {
			isa = PBXGroup;
			children = (
				FAA497DF2B14BD35005521A8 /* StateAndBindingStudy.app */,
				FAA497EF2B14BD37005521A8 /* StateAndBindingStudyTests.xctest */,
				FAA497F92B14BD37005521A8 /* StateAndBindingStudyUITests.xctest */,
			);
			name = Products;
			sourceTree = "<group>";
		};
		FAA497E12B14BD35005521A8 /* StateAndBindingStudy */ = {
			isa = PBXGroup;
			children = (
				FAA497E22B14BD35005521A8 /* StateAndBindingStudyApp.swift */,
				FAA497E42B14BD35005521A8 /* ContentView.swift */,
				FAA497E62B14BD37005521A8 /* Assets.xcassets */,
				FAA497E82B14BD37005521A8 /* Preview Content */,
			);
			path = StateAndBindingStudy;
			sourceTree = "<group>";
		};
		FAA497E82B14BD37005521A8 /* Preview Content */ = {
			isa = PBXGroup;
			children = (
				FAA497E92B14BD37005521A8 /* Preview Assets.xcassets */,
			);
			path = "Preview Content";
			sourceTree = "<group>";
		};
		FAA497F22B14BD37005521A8 /* StateAndBindingStudyTests */ = {
			isa = PBXGroup;
			children = (
				FAA497F32B14BD37005521A8 /* StateAndBindingStudyTests.swift */,
			);
			path = StateAndBindingStudyTests;
			sourceTree = "<group>";
		};
		FAA497FC2B14BD37005521A8 /* StateAndBindingStudyUITests */ = {
			isa = PBXGroup;
			children = (
				FAA497FD2B14BD37005521A8 /* StateAndBindingStudyUITests.swift */,
				FAA497FF2B14BD37005521A8 /* StateAndBindingStudyUITestsLaunchTests.swift */,
			);
			path = StateAndBindingStudyUITests;
			sourceTree = "<group>";
		};
/* End PBXGroup section */

/* Begin PBXNativeTarget section */
		FAA497DE2B14BD35005521A8 /* StateAndBindingStudy */ = {
			isa = PBXNativeTarget;
			buildConfigurationList = FAA498032B14BD37005521A8 /* Build configuration list for PBXNativeTarget "StateAndBindingStudy" */;
			buildPhases = (
				FAA497DB2B14BD35005521A8 /* Sources */,
				FAA497DC2B14BD35005521A8 /* Frameworks */,
				FAA497DD2B14BD35005521A8 /* Resources */,
			);
			buildRules = (
			);
			dependencies = (
			);
			name = StateAndBindingStudy;
			productName = StateAndBindingStudy;
			productReference = FAA497DF2B14BD35005521A8 /* StateAndBindingStudy.app */;
			productType = "com.apple.product-type.application";
		};
		FAA497EE2B14BD37005521A8 /* StateAndBindingStudyTests */ = {
			isa = PBXNativeTarget;
			buildConfigurationList = FAA498062B14BD37005521A8 /* Build configuration list for PBXNativeTarget "StateAndBindingStudyTests" */;
			buildPhases = (
				FAA497EB2B14BD37005521A8 /* Sources */,
				FAA497EC2B14BD37005521A8 /* Frameworks */,
				FAA497ED2B14BD37005521A8 /* Resources */,
			);
			buildRules = (
			);
			dependencies = (
				FAA497F12B14BD37005521A8 /* PBXTargetDependency */,
			);
			name = StateAndBindingStudyTests;
			productName = StateAndBindingStudyTests;
			productReference = FAA497EF2B14BD37005521A8 /* StateAndBindingStudyTests.xctest */;
			productType = "com.apple.product-type.bundle.unit-test";
		};
		FAA497F82B14BD37005521A8 /* StateAndBindingStudyUITests */ = {
			isa = PBXNativeTarget;
			buildConfigurationList = FAA498092B14BD37005521A8 /* Build configuration list for PBXNativeTarget "StateAndBindingStudyUITests" */;
			buildPhases = (
				FAA497F52B14BD37005521A8 /* Sources */,
				FAA497F62B14BD37005521A8 /* Frameworks */,
				FAA497F72B14BD37005521A8 /* Resources */,
			);
			buildRules = (
			);
			dependencies = (
				FAA497FB2B14BD37005521A8 /* PBXTargetDependency */,
			);
			name = StateAndBindingStudyUITests;
			productName = StateAndBindingStudyUITests;
			productReference = FAA497F92B14BD37005521A8 /* StateAndBindingStudyUITests.xctest */;
			productType = "com.apple.product-type.bundle.ui-testing";
		};
/* End PBXNativeTarget section */

/* Begin PBXProject section */
		FAA497D72B14BD35005521A8 /* Project object */ = {
			isa = PBXProject;
			attributes = {
				BuildIndependentTargetsInParallel = 1;
				LastSwiftUpdateCheck = 1500;
				LastUpgradeCheck = 1500;
				TargetAttributes = {
					FAA497DE2B14BD35005521A8 = {
						CreatedOnToolsVersion = 15.0.1;
					};
					FAA497EE2B14BD37005521A8 = {
						CreatedOnToolsVersion = 15.0.1;
						TestTargetID = FAA497DE2B14BD35005521A8;
					};
					FAA497F82B14BD37005521A8 = {
						CreatedOnToolsVersion = 15.0.1;
						TestTargetID = FAA497DE2B14BD35005521A8;
					};
				};
			};
			buildConfigurationList = FAA497DA2B14BD35005521A8 /* Build configuration list for PBXProject "StateAndBindingStudy" */;
			compatibilityVersion = "Xcode 14.0";
			developmentRegion = en;
			hasScannedForEncodings = 0;
			knownRegions = (
				en,
				Base,
			);
			mainGroup = FAA497D62B14BD35005521A8;
			productRefGroup = FAA497E02B14BD35005521A8 /* Products */;
			projectDirPath = "";
			projectRoot = "";
			targets = (
				FAA497DE2B14BD35005521A8 /* StateAndBindingStudy */,
				FAA497EE2B14BD37005521A8 /* StateAndBindingStudyTests */,
				FAA497F82B14BD37005521A8 /* StateAndBindingStudyUITests */,
			);
		};
/* End PBXProject section */

/* Begin PBXResourcesBuildPhase section */
		FAA497DD2B14BD35005521A8 /* Resources */ = {
			isa = PBXResourcesBuildPhase;
			buildActionMask = 2147483647;
			files = (
				FAA497EA2B14BD37005521A8 /* Preview Assets.xcassets in Resources */,
				FAA497E72B14BD37005521A8 /* Assets.xcassets in Resources */,
			);
			runOnlyForDeploymentPostprocessing = 0;
		};
		FAA497ED2B14BD37005521A8 /* Resources */ = {
			isa = PBXResourcesBuildPhase;
			buildActionMask = 2147483647;
			files = (
			);
			runOnlyForDeploymentPostprocessing = 0;
		};
		FAA497F72B14BD37005521A8 /* Resources */ = {
			isa = PBXResourcesBuildPhase;
			buildActionMask = 2147483647;
			files = (
			);
			runOnlyForDeploymentPostprocessing = 0;
		};
/* End PBXResourcesBuildPhase section */

/* Begin PBXSourcesBuildPhase section */
		FAA497DB2B14BD35005521A8 /* Sources */ = {
			isa = PBXSourcesBuildPhase;
			buildActionMask = 2147483647;
			files = (
				FAA497E52B14BD35005521A8 /* ContentView.swift in Sources */,
				FAA497E32B14BD35005521A8 /* StateAndBindingStudyApp.swift in Sources */,
			);
			runOnlyForDeploymentPostprocessing = 0;
		};
		FAA497EB2B14BD37005521A8 /* Sources */ = {
			isa = PBXSourcesBuildPhase;
			buildActionMask = 2147483647;
			files = (
				FAA497F42B14BD37005521A8 /* StateAndBindingStudyTests.swift in Sources */,
			);
			runOnlyForDeploymentPostprocessing = 0;
		};
		FAA497F52B14BD37005521A8 /* Sources */ = {
			isa = PBXSourcesBuildPhase;
			buildActionMask = 2147483647;
			files = (
				FAA498002B14BD37005521A8 /* StateAndBindingStudyUITestsLaunchTests.swift in Sources */,
				FAA497FE2B14BD37005521A8 /* StateAndBindingStudyUITests.swift in Sources */,
			);
			runOnlyForDeploymentPostprocessing = 0;
		};
/* End PBXSourcesBuildPhase section */

/* Begin PBXTargetDependency section */
		FAA497F12B14BD37005521A8 /* PBXTargetDependency */ = {
			isa = PBXTargetDependency;
			target = FAA497DE2B14BD35005521A8 /* StateAndBindingStudy */;
			targetProxy = FAA497F02B14BD37005521A8 /* PBXContainerItemProxy */;
		};
		FAA497FB2B14BD37005521A8 /* PBXTargetDependency */ = {
			isa = PBXTargetDependency;
			target = FAA497DE2B14BD35005521A8 /* StateAndBindingStudy */;
			targetProxy = FAA497FA2B14BD37005521A8 /* PBXContainerItemProxy */;
		};
/* End PBXTargetDependency section */

/* Begin XCBuildConfiguration section */
		FAA498012B14BD37005521A8 /* Debug */ = {
			isa = XCBuildConfiguration;
			buildSettings = {
				ALWAYS_SEARCH_USER_PATHS = NO;
				ASSETCATALOG_COMPILER_GENERATE_SWIFT_ASSET_SYMBOL_EXTENSIONS = YES;
				CLANG_ANALYZER_NONNULL = YES;
				CLANG_ANALYZER_NUMBER_OBJECT_CONVERSION = YES_AGGRESSIVE;
				CLANG_CXX_LANGUAGE_STANDARD = "gnu++20";
				CLANG_ENABLE_MODULES = YES;
				CLANG_ENABLE_OBJC_ARC = YES;
				CLANG_ENABLE_OBJC_WEAK = YES;
				CLANG_WARN_BLOCK_CAPTURE_AUTORELEASING = YES;
				CLANG_WARN_BOOL_CONVERSION = YES;
				CLANG_WARN_COMMA = YES;
				CLANG_WARN_CONSTANT_CONVERSION = YES;
				CLANG_WARN_DEPRECATED_OBJC_IMPLEMENTATIONS = YES;
				CLANG_WARN_DIRECT_OBJC_ISA_USAGE = YES_ERROR;
				CLANG_WARN_DOCUMENTATION_COMMENTS = YES;
				CLANG_WARN_EMPTY_BODY = YES;
				CLANG_WARN_ENUM_CONVERSION = YES;
				CLANG_WARN_INFINITE_RECURSION = YES;
				CLANG_WARN_INT_CONVERSION = YES;
				CLANG_WARN_NON_LITERAL_NULL_CONVERSION = YES;
				CLANG_WARN_OBJC_IMPLICIT_RETAIN_SELF = YES;
				CLANG_WARN_OBJC_LITERAL_CONVERSION = YES;
				CLANG_WARN_OBJC_ROOT_CLASS = YES_ERROR;
				CLANG_WARN_QUOTED_INCLUDE_IN_FRAMEWORK_HEADER = YES;
				CLANG_WARN_RANGE_LOOP_ANALYSIS = YES;
				CLANG_WARN_STRICT_PROTOTYPES = YES;
				CLANG_WARN_SUSPICIOUS_MOVE = YES;
				CLANG_WARN_UNGUARDED_AVAILABILITY = YES_AGGRESSIVE;
				CLANG_WARN_UNREACHABLE_CODE = YES;
				CLANG_WARN__DUPLICATE_METHOD_MATCH = YES;
				COPY_PHASE_STRIP = NO;
				DEBUG_INFORMATION_FORMAT = dwarf;
				ENABLE_STRICT_OBJC_MSGSEND = YES;
				ENABLE_TESTABILITY = YES;
				ENABLE_USER_SCRIPT_SANDBOXING = YES;
				GCC_C_LANGUAGE_STANDARD = gnu17;
				GCC_DYNAMIC_NO_PIC = NO;
				GCC_NO_COMMON_BLOCKS = YES;
				GCC_OPTIMIZATION_LEVEL = 0;
				GCC_PREPROCESSOR_DEFINITIONS = (
					"DEBUG=1",
					"$(inherited)",
				);
				GCC_WARN_64_TO_32_BIT_CONVERSION = YES;
				GCC_WARN_ABOUT_RETURN_TYPE = YES_ERROR;
				GCC_WARN_UNDECLARED_SELECTOR = YES;
				GCC_WARN_UNINITIALIZED_AUTOS = YES_AGGRESSIVE;
				GCC_WARN_UNUSED_FUNCTION = YES;
				GCC_WARN_UNUSED_VARIABLE = YES;
				IPHONEOS_DEPLOYMENT_TARGET = 17.0;
				LOCALIZATION_PREFERS_STRING_CATALOGS = YES;
				MTL_ENABLE_DEBUG_INFO = INCLUDE_SOURCE;
				MTL_FAST_MATH = YES;
				ONLY_ACTIVE_ARCH = YES;
				SDKROOT = iphoneos;
				SWIFT_ACTIVE_COMPILATION_CONDITIONS = "DEBUG $(inherited)";
				SWIFT_OPTIMIZATION_LEVEL = "-Onone";
			};
			name = Debug;
		};
		FAA498022B14BD37005521A8 /* Release */ = {
			isa = XCBuildConfiguration;
			buildSettings = {
				ALWAYS_SEARCH_USER_PATHS = NO;
				ASSETCATALOG_COMPILER_GENERATE_SWIFT_ASSET_SYMBOL_EXTENSIONS = YES;
				CLANG_ANALYZER_NONNULL = YES;
				CLANG_ANALYZER_NUMBER_OBJECT_CONVERSION = YES_AGGRESSIVE;
				CLANG_CXX_LANGUAGE_STANDARD = "gnu++20";
				CLANG_ENABLE_MODULES = YES;
				CLANG_ENABLE_OBJC_ARC = YES;
				CLANG_ENABLE_OBJC_WEAK = YES;
				CLANG_WARN_BLOCK_CAPTURE_AUTORELEASING = YES;
				CLANG_WARN_BOOL_CONVERSION = YES;
				CLANG_WARN_COMMA = YES;
				CLANG_WARN_CONSTANT_CONVERSION = YES;
				CLANG_WARN_DEPRECATED_OBJC_IMPLEMENTATIONS = YES;
				CLANG_WARN_DIRECT_OBJC_ISA_USAGE = YES_ERROR;
				CLANG_WARN_DOCUMENTATION_COMMENTS = YES;
				CLANG_WARN_EMPTY_BODY = YES;
				CLANG_WARN_ENUM_CONVERSION = YES;
				CLANG_WARN_INFINITE_RECURSION = YES;
				CLANG_WARN_INT_CONVERSION = YES;
				CLANG_WARN_NON_LITERAL_NULL_CONVERSION = YES;
				CLANG_WARN_OBJC_IMPLICIT_RETAIN_SELF = YES;
				CLANG_WARN_OBJC_LITERAL_CONVERSION = YES;
				CLANG_WARN_OBJC_ROOT_CLASS = YES_ERROR;
				CLANG_WARN_QUOTED_INCLUDE_IN_FRAMEWORK_HEADER = YES;
				CLANG_WARN_RANGE_LOOP_ANALYSIS = YES;
				CLANG_WARN_STRICT_PROTOTYPES = YES;
				CLANG_WARN_SUSPICIOUS_MOVE = YES;
				CLANG_WARN_UNGUARDED_AVAILABILITY = YES_AGGRESSIVE;
				CLANG_WARN_UNREACHABLE_CODE = YES;
				CLANG_WARN__DUPLICATE_METHOD_MATCH = YES;
				COPY_PHASE_STRIP = NO;
				DEBUG_INFORMATION_FORMAT = "dwarf-with-dsym";
				ENABLE_NS_ASSERTIONS = NO;
				ENABLE_STRICT_OBJC_MSGSEND = YES;
				ENABLE_USER_SCRIPT_SANDBOXING = YES;
				GCC_C_LANGUAGE_STANDARD = gnu17;
				GCC_NO_COMMON_BLOCKS = YES;
				GCC_WARN_64_TO_32_BIT_CONVERSION = YES;
				GCC_WARN_ABOUT_RETURN_TYPE = YES_ERROR;
				GCC_WARN_UNDECLARED_SELECTOR = YES;
				GCC_WARN_UNINITIALIZED_AUTOS = YES_AGGRESSIVE;
				GCC_WARN_UNUSED_FUNCTION = YES;
				GCC_WARN_UNUSED_VARIABLE = YES;
				IPHONEOS_DEPLOYMENT_TARGET = 17.0;
				LOCALIZATION_PREFERS_STRING_CATALOGS = YES;
				MTL_ENABLE_DEBUG_INFO = NO;
				MTL_FAST_MATH = YES;
				SDKROOT = iphoneos;
				SWIFT_COMPILATION_MODE = wholemodule;
				VALIDATE_PRODUCT = YES;
			};
			name = Release;
		};
		FAA498042B14BD37005521A8 /* Debug */ = {
			isa = XCBuildConfiguration;
			buildSettings = {
				ASSETCATALOG_COMPILER_APPICON_NAME = AppIcon;
				ASSETCATALOG_COMPILER_GLOBAL_ACCENT_COLOR_NAME = AccentColor;
				CODE_SIGN_STYLE = Automatic;
				CURRENT_PROJECT_VERSION = 1;
				DEVELOPMENT_ASSET_PATHS = "\"StateAndBindingStudy/Preview Content\"";
				DEVELOPMENT_TEAM = 3TGR3P459K;
				ENABLE_PREVIEWS = YES;
				GENERATE_INFOPLIST_FILE = YES;
				INFOPLIST_KEY_UIApplicationSceneManifest_Generation = YES;
				INFOPLIST_KEY_UIApplicationSupportsIndirectInputEvents = YES;
				INFOPLIST_KEY_UILaunchScreen_Generation = YES;
				INFOPLIST_KEY_UISupportedInterfaceOrientations_iPad = "UIInterfaceOrientationPortrait UIInterfaceOrientationPortraitUpsideDown UIInterfaceOrientationLandscapeLeft UIInterfaceOrientationLandscapeRight";
				INFOPLIST_KEY_UISupportedInterfaceOrientations_iPhone = "UIInterfaceOrientationPortrait UIInterfaceOrientationLandscapeLeft UIInterfaceOrientationLandscapeRight";
				LD_RUNPATH_SEARCH_PATHS = (
					"$(inherited)",
					"@executable_path/Frameworks",
				);
				MARKETING_VERSION = 1.0;
				PRODUCT_BUNDLE_IDENTIFIER = github.Haesus.StateAndBindingStudy;
				PRODUCT_NAME = "$(TARGET_NAME)";
				SWIFT_EMIT_LOC_STRINGS = YES;
				SWIFT_VERSION = 5.0;
				TARGETED_DEVICE_FAMILY = "1,2";
			};
			name = Debug;
		};
		FAA498052B14BD37005521A8 /* Release */ = {
			isa = XCBuildConfiguration;
			buildSettings = {
				ASSETCATALOG_COMPILER_APPICON_NAME = AppIcon;
				ASSETCATALOG_COMPILER_GLOBAL_ACCENT_COLOR_NAME = AccentColor;
				CODE_SIGN_STYLE = Automatic;
				CURRENT_PROJECT_VERSION = 1;
				DEVELOPMENT_ASSET_PATHS = "\"StateAndBindingStudy/Preview Content\"";
				DEVELOPMENT_TEAM = 3TGR3P459K;
				ENABLE_PREVIEWS = YES;
				GENERATE_INFOPLIST_FILE = YES;
				INFOPLIST_KEY_UIApplicationSceneManifest_Generation = YES;
				INFOPLIST_KEY_UIApplicationSupportsIndirectInputEvents = YES;
				INFOPLIST_KEY_UILaunchScreen_Generation = YES;
				INFOPLIST_KEY_UISupportedInterfaceOrientations_iPad = "UIInterfaceOrientationPortrait UIInterfaceOrientationPortraitUpsideDown UIInterfaceOrientationLandscapeLeft UIInterfaceOrientationLandscapeRight";
				INFOPLIST_KEY_UISupportedInterfaceOrientations_iPhone = "UIInterfaceOrientationPortrait UIInterfaceOrientationLandscapeLeft UIInterfaceOrientationLandscapeRight";
				LD_RUNPATH_SEARCH_PATHS = (
					"$(inherited)",
					"@executable_path/Frameworks",
				);
				MARKETING_VERSION = 1.0;
				PRODUCT_BUNDLE_IDENTIFIER = github.Haesus.StateAndBindingStudy;
				PRODUCT_NAME = "$(TARGET_NAME)";
				SWIFT_EMIT_LOC_STRINGS = YES;
				SWIFT_VERSION = 5.0;
				TARGETED_DEVICE_FAMILY = "1,2";
			};
			name = Release;
		};
		FAA498072B14BD37005521A8 /* Debug */ = {
			isa = XCBuildConfiguration;
			buildSettings = {
				ALWAYS_EMBED_SWIFT_STANDARD_LIBRARIES = YES;
				BUNDLE_LOADER = "$(TEST_HOST)";
				CODE_SIGN_STYLE = Automatic;
				CURRENT_PROJECT_VERSION = 1;
				DEVELOPMENT_TEAM = 3TGR3P459K;
				GENERATE_INFOPLIST_FILE = YES;
				IPHONEOS_DEPLOYMENT_TARGET = 17.0;
				MARKETING_VERSION = 1.0;
				PRODUCT_BUNDLE_IDENTIFIER = github.Haesus.StateAndBindingStudyTests;
				PRODUCT_NAME = "$(TARGET_NAME)";
				SWIFT_EMIT_LOC_STRINGS = NO;
				SWIFT_VERSION = 5.0;
				TARGETED_DEVICE_FAMILY = "1,2";
				TEST_HOST = "$(BUILT_PRODUCTS_DIR)/StateAndBindingStudy.app/$(BUNDLE_EXECUTABLE_FOLDER_PATH)/StateAndBindingStudy";
			};
			name = Debug;
		};
		FAA498082B14BD37005521A8 /* Release */ = {
			isa = XCBuildConfiguration;
			buildSettings = {
				ALWAYS_EMBED_SWIFT_STANDARD_LIBRARIES = YES;
				BUNDLE_LOADER = "$(TEST_HOST)";
				CODE_SIGN_STYLE = Automatic;
				CURRENT_PROJECT_VERSION = 1;
				DEVELOPMENT_TEAM = 3TGR3P459K;
				GENERATE_INFOPLIST_FILE = YES;
				IPHONEOS_DEPLOYMENT_TARGET = 17.0;
				MARKETING_VERSION = 1.0;
				PRODUCT_BUNDLE_IDENTIFIER = github.Haesus.StateAndBindingStudyTests;
				PRODUCT_NAME = "$(TARGET_NAME)";
				SWIFT_EMIT_LOC_STRINGS = NO;
				SWIFT_VERSION = 5.0;
				TARGETED_DEVICE_FAMILY = "1,2";
				TEST_HOST = "$(BUILT_PRODUCTS_DIR)/StateAndBindingStudy.app/$(BUNDLE_EXECUTABLE_FOLDER_PATH)/StateAndBindingStudy";
			};
			name = Release;
		};
		FAA4980A2B14BD37005521A8 /* Debug */ = {
			isa = XCBuildConfiguration;
			buildSettings = {
				ALWAYS_EMBED_SWIFT_STANDARD_LIBRARIES = YES;
				CODE_SIGN_STYLE = Automatic;
				CURRENT_PROJECT_VERSION = 1;
				DEVELOPMENT_TEAM = 3TGR3P459K;
				GENERATE_INFOPLIST_FILE = YES;
				MARKETING_VERSION = 1.0;
				PRODUCT_BUNDLE_IDENTIFIER = github.Haesus.StateAndBindingStudyUITests;
				PRODUCT_NAME = "$(TARGET_NAME)";
				SWIFT_EMIT_LOC_STRINGS = NO;
				SWIFT_VERSION = 5.0;
				TARGETED_DEVICE_FAMILY = "1,2";
				TEST_TARGET_NAME = StateAndBindingStudy;
			};
			name = Debug;
		};
		FAA4980B2B14BD37005521A8 /* Release */ = {
			isa = XCBuildConfiguration;
			buildSettings = {
				ALWAYS_EMBED_SWIFT_STANDARD_LIBRARIES = YES;
				CODE_SIGN_STYLE = Automatic;
				CURRENT_PROJECT_VERSION = 1;
				DEVELOPMENT_TEAM = 3TGR3P459K;
				GENERATE_INFOPLIST_FILE = YES;
				MARKETING_VERSION = 1.0;
				PRODUCT_BUNDLE_IDENTIFIER = github.Haesus.StateAndBindingStudyUITests;
				PRODUCT_NAME = "$(TARGET_NAME)";
				SWIFT_EMIT_LOC_STRINGS = NO;
				SWIFT_VERSION = 5.0;
				TARGETED_DEVICE_FAMILY = "1,2";
				TEST_TARGET_NAME = StateAndBindingStudy;
			};
			name = Release;
		};
/* End XCBuildConfiguration section */

/* Begin XCConfigurationList section */
		FAA497DA2B14BD35005521A8 /* Build configuration list for PBXProject "StateAndBindingStudy" */ = {
			isa = XCConfigurationList;
			buildConfigurations = (
				FAA498012B14BD37005521A8 /* Debug */,
				FAA498022B14BD37005521A8 /* Release */,
			);
			defaultConfigurationIsVisible = 0;
			defaultConfigurationName = Release;
		};
		FAA498032B14BD37005521A8 /* Build configuration list for PBXNativeTarget "StateAndBindingStudy" */ = {
			isa = XCConfigurationList;
			buildConfigurations = (
				FAA498042B14BD37005521A8 /* Debug */,
				FAA498052B14BD37005521A8 /* Release */,
			);
			defaultConfigurationIsVisible = 0;
			defaultConfigurationName = Release;
		};
		FAA498062B14BD37005521A8 /* Build configuration list for PBXNativeTarget "StateAndBindingStudyTests" */ = {
			isa = XCConfigurationList;
			buildConfigurations = (
				FAA498072B14BD37005521A8 /* Debug */,
				FAA498082B14BD37005521A8 /* Release */,
			);
			defaultConfigurationIsVisible = 0;
			defaultConfigurationName = Release;
		};
		FAA498092B14BD37005521A8 /* Build configuration list for PBXNativeTarget "StateAndBindingStudyUITests" */ = {
			isa = XCConfigurationList;
			buildConfigurations = (
				FAA4980A2B14BD37005521A8 /* Debug */,
				FAA4980B2B14BD37005521A8 /* Release */,
			);
			defaultConfigurationIsVisible = 0;
			defaultConfigurationName = Release;
		};
/* End XCConfigurationList section */
	};
	rootObject = FAA497D72B14BD35005521A8 /* Project object */;
}
