// !$*UTF8*$!
{
	archiveVersion = 1;
	classes = {
	};
	objectVersion = 56;
	objects = {

/* Begin PBXBuildFile section */
		FA05E0C12AF2A59B00F15650 /* NavigationLinkView.swift in Sources */ = {isa = PBXBuildFile; fileRef = FA05E0C02AF2A59B00F15650 /* NavigationLinkView.swift */; };
		FA05E0C32AF2A5EE00F15650 /* NavigationDestinationView.swift in Sources */ = {isa = PBXBuildFile; fileRef = FA05E0C22AF2A5EE00F15650 /* NavigationDestinationView.swift */; };
		FA2C7AC02AF261D000582106 /* NavigationStudyApp.swift in Sources */ = {isa = PBXBuildFile; fileRef = FA2C7ABF2AF261D000582106 /* NavigationStudyApp.swift */; };
		FA2C7AC22AF261D000582106 /* ContentView.swift in Sources */ = {isa = PBXBuildFile; fileRef = FA2C7AC12AF261D000582106 /* ContentView.swift */; };
		FA2C7AC42AF261D000582106 /* Assets.xcassets in Resources */ = {isa = PBXBuildFile; fileRef = FA2C7AC32AF261D000582106 /* Assets.xcassets */; };
		FA2C7AC72AF261D000582106 /* Preview Assets.xcassets in Resources */ = {isa = PBXBuildFile; fileRef = FA2C7AC62AF261D000582106 /* Preview Assets.xcassets */; };
		FA2C7AD12AF261D100582106 /* NavigationStudyTests.swift in Sources */ = {isa = PBXBuildFile; fileRef = FA2C7AD02AF261D100582106 /* NavigationStudyTests.swift */; };
		FA2C7ADB2AF261D100582106 /* NavigationStudyUITests.swift in Sources */ = {isa = PBXBuildFile; fileRef = FA2C7ADA2AF261D100582106 /* NavigationStudyUITests.swift */; };
		FA2C7ADD2AF261D100582106 /* NavigationStudyUITestsLaunchTests.swift in Sources */ = {isa = PBXBuildFile; fileRef = FA2C7ADC2AF261D100582106 /* NavigationStudyUITestsLaunchTests.swift */; };
		FA2C7AEA2AF2636B00582106 /* PageOneView.swift in Sources */ = {isa = PBXBuildFile; fileRef = FA2C7AE92AF2636B00582106 /* PageOneView.swift */; };
		FA2C7AEC2AF26FF700582106 /* PageTwoView.swift in Sources */ = {isa = PBXBuildFile; fileRef = FA2C7AEB2AF26FF700582106 /* PageTwoView.swift */; };
/* End PBXBuildFile section */

/* Begin PBXContainerItemProxy section */
		FA2C7ACD2AF261D100582106 /* PBXContainerItemProxy */ = {
			isa = PBXContainerItemProxy;
			containerPortal = FA2C7AB42AF261D000582106 /* Project object */;
			proxyType = 1;
			remoteGlobalIDString = FA2C7ABB2AF261D000582106;
			remoteInfo = NavigationStudy;
		};
		FA2C7AD72AF261D100582106 /* PBXContainerItemProxy */ = {
			isa = PBXContainerItemProxy;
			containerPortal = FA2C7AB42AF261D000582106 /* Project object */;
			proxyType = 1;
			remoteGlobalIDString = FA2C7ABB2AF261D000582106;
			remoteInfo = NavigationStudy;
		};
/* End PBXContainerItemProxy section */

/* Begin PBXFileReference section */
		FA05E0C02AF2A59B00F15650 /* NavigationLinkView.swift */ = {isa = PBXFileReference; lastKnownFileType = sourcecode.swift; path = NavigationLinkView.swift; sourceTree = "<group>"; };
		FA05E0C22AF2A5EE00F15650 /* NavigationDestinationView.swift */ = {isa = PBXFileReference; lastKnownFileType = sourcecode.swift; path = NavigationDestinationView.swift; sourceTree = "<group>"; };
		FA2C7ABC2AF261D000582106 /* NavigationStudy.app */ = {isa = PBXFileReference; explicitFileType = wrapper.application; includeInIndex = 0; path = NavigationStudy.app; sourceTree = BUILT_PRODUCTS_DIR; };
		FA2C7ABF2AF261D000582106 /* NavigationStudyApp.swift */ = {isa = PBXFileReference; lastKnownFileType = sourcecode.swift; path = NavigationStudyApp.swift; sourceTree = "<group>"; };
		FA2C7AC12AF261D000582106 /* ContentView.swift */ = {isa = PBXFileReference; lastKnownFileType = sourcecode.swift; path = ContentView.swift; sourceTree = "<group>"; };
		FA2C7AC32AF261D000582106 /* Assets.xcassets */ = {isa = PBXFileReference; lastKnownFileType = folder.assetcatalog; path = Assets.xcassets; sourceTree = "<group>"; };
		FA2C7AC62AF261D000582106 /* Preview Assets.xcassets */ = {isa = PBXFileReference; lastKnownFileType = folder.assetcatalog; path = "Preview Assets.xcassets"; sourceTree = "<group>"; };
		FA2C7ACC2AF261D100582106 /* NavigationStudyTests.xctest */ = {isa = PBXFileReference; explicitFileType = wrapper.cfbundle; includeInIndex = 0; path = NavigationStudyTests.xctest; sourceTree = BUILT_PRODUCTS_DIR; };
		FA2C7AD02AF261D100582106 /* NavigationStudyTests.swift */ = {isa = PBXFileReference; lastKnownFileType = sourcecode.swift; path = NavigationStudyTests.swift; sourceTree = "<group>"; };
		FA2C7AD62AF261D100582106 /* NavigationStudyUITests.xctest */ = {isa = PBXFileReference; explicitFileType = wrapper.cfbundle; includeInIndex = 0; path = NavigationStudyUITests.xctest; sourceTree = BUILT_PRODUCTS_DIR; };
		FA2C7ADA2AF261D100582106 /* NavigationStudyUITests.swift */ = {isa = PBXFileReference; lastKnownFileType = sourcecode.swift; path = NavigationStudyUITests.swift; sourceTree = "<group>"; };
		FA2C7ADC2AF261D100582106 /* NavigationStudyUITestsLaunchTests.swift */ = {isa = PBXFileReference; lastKnownFileType = sourcecode.swift; path = NavigationStudyUITestsLaunchTests.swift; sourceTree = "<group>"; };
		FA2C7AE92AF2636B00582106 /* PageOneView.swift */ = {isa = PBXFileReference; lastKnownFileType = sourcecode.swift; path = PageOneView.swift; sourceTree = "<group>"; };
		FA2C7AEB2AF26FF700582106 /* PageTwoView.swift */ = {isa = PBXFileReference; lastKnownFileType = sourcecode.swift; path = PageTwoView.swift; sourceTree = "<group>"; };
/* End PBXFileReference section */

/* Begin PBXFrameworksBuildPhase section */
		FA2C7AB92AF261D000582106 /* Frameworks */ = {
			isa = PBXFrameworksBuildPhase;
			buildActionMask = 2147483647;
			files = (
			);
			runOnlyForDeploymentPostprocessing = 0;
		};
		FA2C7AC92AF261D100582106 /* Frameworks */ = {
			isa = PBXFrameworksBuildPhase;
			buildActionMask = 2147483647;
			files = (
			);
			runOnlyForDeploymentPostprocessing = 0;
		};
		FA2C7AD32AF261D100582106 /* Frameworks */ = {
			isa = PBXFrameworksBuildPhase;
			buildActionMask = 2147483647;
			files = (
			);
			runOnlyForDeploymentPostprocessing = 0;
		};
/* End PBXFrameworksBuildPhase section */

/* Begin PBXGroup section */
		FA2C7AB32AF261CF00582106 = {
			isa = PBXGroup;
			children = (
				FA2C7ABE2AF261D000582106 /* NavigationStudy */,
				FA2C7ACF2AF261D100582106 /* NavigationStudyTests */,
				FA2C7AD92AF261D100582106 /* NavigationStudyUITests */,
				FA2C7ABD2AF261D000582106 /* Products */,
			);
			sourceTree = "<group>";
		};
		FA2C7ABD2AF261D000582106 /* Products */ = {
			isa = PBXGroup;
			children = (
				FA2C7ABC2AF261D000582106 /* NavigationStudy.app */,
				FA2C7ACC2AF261D100582106 /* NavigationStudyTests.xctest */,
				FA2C7AD62AF261D100582106 /* NavigationStudyUITests.xctest */,
			);
			name = Products;
			sourceTree = "<group>";
		};
		FA2C7ABE2AF261D000582106 /* NavigationStudy */ = {
			isa = PBXGroup;
			children = (
				FA2C7ABF2AF261D000582106 /* NavigationStudyApp.swift */,
				FA2C7AC12AF261D000582106 /* ContentView.swift */,
				FA05E0C22AF2A5EE00F15650 /* NavigationDestinationView.swift */,
				FA05E0C02AF2A59B00F15650 /* NavigationLinkView.swift */,
				FA2C7AE92AF2636B00582106 /* PageOneView.swift */,
				FA2C7AEB2AF26FF700582106 /* PageTwoView.swift */,
				FA2C7AC32AF261D000582106 /* Assets.xcassets */,
				FA2C7AC52AF261D000582106 /* Preview Content */,
			);
			path = NavigationStudy;
			sourceTree = "<group>";
		};
		FA2C7AC52AF261D000582106 /* Preview Content */ = {
			isa = PBXGroup;
			children = (
				FA2C7AC62AF261D000582106 /* Preview Assets.xcassets */,
			);
			path = "Preview Content";
			sourceTree = "<group>";
		};
		FA2C7ACF2AF261D100582106 /* NavigationStudyTests */ = {
			isa = PBXGroup;
			children = (
				FA2C7AD02AF261D100582106 /* NavigationStudyTests.swift */,
			);
			path = NavigationStudyTests;
			sourceTree = "<group>";
		};
		FA2C7AD92AF261D100582106 /* NavigationStudyUITests */ = {
			isa = PBXGroup;
			children = (
				FA2C7ADA2AF261D100582106 /* NavigationStudyUITests.swift */,
				FA2C7ADC2AF261D100582106 /* NavigationStudyUITestsLaunchTests.swift */,
			);
			path = NavigationStudyUITests;
			sourceTree = "<group>";
		};
/* End PBXGroup section */

/* Begin PBXNativeTarget section */
		FA2C7ABB2AF261D000582106 /* NavigationStudy */ = {
			isa = PBXNativeTarget;
			buildConfigurationList = FA2C7AE02AF261D100582106 /* Build configuration list for PBXNativeTarget "NavigationStudy" */;
			buildPhases = (
				FA2C7AB82AF261D000582106 /* Sources */,
				FA2C7AB92AF261D000582106 /* Frameworks */,
				FA2C7ABA2AF261D000582106 /* Resources */,
			);
			buildRules = (
			);
			dependencies = (
			);
			name = NavigationStudy;
			productName = NavigationStudy;
			productReference = FA2C7ABC2AF261D000582106 /* NavigationStudy.app */;
			productType = "com.apple.product-type.application";
		};
		FA2C7ACB2AF261D100582106 /* NavigationStudyTests */ = {
			isa = PBXNativeTarget;
			buildConfigurationList = FA2C7AE32AF261D100582106 /* Build configuration list for PBXNativeTarget "NavigationStudyTests" */;
			buildPhases = (
				FA2C7AC82AF261D100582106 /* Sources */,
				FA2C7AC92AF261D100582106 /* Frameworks */,
				FA2C7ACA2AF261D100582106 /* Resources */,
			);
			buildRules = (
			);
			dependencies = (
				FA2C7ACE2AF261D100582106 /* PBXTargetDependency */,
			);
			name = NavigationStudyTests;
			productName = NavigationStudyTests;
			productReference = FA2C7ACC2AF261D100582106 /* NavigationStudyTests.xctest */;
			productType = "com.apple.product-type.bundle.unit-test";
		};
		FA2C7AD52AF261D100582106 /* NavigationStudyUITests */ = {
			isa = PBXNativeTarget;
			buildConfigurationList = FA2C7AE62AF261D100582106 /* Build configuration list for PBXNativeTarget "NavigationStudyUITests" */;
			buildPhases = (
				FA2C7AD22AF261D100582106 /* Sources */,
				FA2C7AD32AF261D100582106 /* Frameworks */,
				FA2C7AD42AF261D100582106 /* Resources */,
			);
			buildRules = (
			);
			dependencies = (
				FA2C7AD82AF261D100582106 /* PBXTargetDependency */,
			);
			name = NavigationStudyUITests;
			productName = NavigationStudyUITests;
			productReference = FA2C7AD62AF261D100582106 /* NavigationStudyUITests.xctest */;
			productType = "com.apple.product-type.bundle.ui-testing";
		};
/* End PBXNativeTarget section */

/* Begin PBXProject section */
		FA2C7AB42AF261D000582106 /* Project object */ = {
			isa = PBXProject;
			attributes = {
				BuildIndependentTargetsInParallel = 1;
				LastSwiftUpdateCheck = 1500;
				LastUpgradeCheck = 1500;
				TargetAttributes = {
					FA2C7ABB2AF261D000582106 = {
						CreatedOnToolsVersion = 15.0.1;
					};
					FA2C7ACB2AF261D100582106 = {
						CreatedOnToolsVersion = 15.0.1;
						TestTargetID = FA2C7ABB2AF261D000582106;
					};
					FA2C7AD52AF261D100582106 = {
						CreatedOnToolsVersion = 15.0.1;
						TestTargetID = FA2C7ABB2AF261D000582106;
					};
				};
			};
			buildConfigurationList = FA2C7AB72AF261D000582106 /* Build configuration list for PBXProject "NavigationStudy" */;
			compatibilityVersion = "Xcode 14.0";
			developmentRegion = en;
			hasScannedForEncodings = 0;
			knownRegions = (
				en,
				Base,
			);
			mainGroup = FA2C7AB32AF261CF00582106;
			productRefGroup = FA2C7ABD2AF261D000582106 /* Products */;
			projectDirPath = "";
			projectRoot = "";
			targets = (
				FA2C7ABB2AF261D000582106 /* NavigationStudy */,
				FA2C7ACB2AF261D100582106 /* NavigationStudyTests */,
				FA2C7AD52AF261D100582106 /* NavigationStudyUITests */,
			);
		};
/* End PBXProject section */

/* Begin PBXResourcesBuildPhase section */
		FA2C7ABA2AF261D000582106 /* Resources */ = {
			isa = PBXResourcesBuildPhase;
			buildActionMask = 2147483647;
			files = (
				FA2C7AC72AF261D000582106 /* Preview Assets.xcassets in Resources */,
				FA2C7AC42AF261D000582106 /* Assets.xcassets in Resources */,
			);
			runOnlyForDeploymentPostprocessing = 0;
		};
		FA2C7ACA2AF261D100582106 /* Resources */ = {
			isa = PBXResourcesBuildPhase;
			buildActionMask = 2147483647;
			files = (
			);
			runOnlyForDeploymentPostprocessing = 0;
		};
		FA2C7AD42AF261D100582106 /* Resources */ = {
			isa = PBXResourcesBuildPhase;
			buildActionMask = 2147483647;
			files = (
			);
			runOnlyForDeploymentPostprocessing = 0;
		};
/* End PBXResourcesBuildPhase section */

/* Begin PBXSourcesBuildPhase section */
		FA2C7AB82AF261D000582106 /* Sources */ = {
			isa = PBXSourcesBuildPhase;
			buildActionMask = 2147483647;
			files = (
				FA2C7AEA2AF2636B00582106 /* PageOneView.swift in Sources */,
				FA05E0C12AF2A59B00F15650 /* NavigationLinkView.swift in Sources */,
				FA2C7AC22AF261D000582106 /* ContentView.swift in Sources */,
				FA2C7AEC2AF26FF700582106 /* PageTwoView.swift in Sources */,
				FA2C7AC02AF261D000582106 /* NavigationStudyApp.swift in Sources */,
				FA05E0C32AF2A5EE00F15650 /* NavigationDestinationView.swift in Sources */,
			);
			runOnlyForDeploymentPostprocessing = 0;
		};
		FA2C7AC82AF261D100582106 /* Sources */ = {
			isa = PBXSourcesBuildPhase;
			buildActionMask = 2147483647;
			files = (
				FA2C7AD12AF261D100582106 /* NavigationStudyTests.swift in Sources */,
			);
			runOnlyForDeploymentPostprocessing = 0;
		};
		FA2C7AD22AF261D100582106 /* Sources */ = {
			isa = PBXSourcesBuildPhase;
			buildActionMask = 2147483647;
			files = (
				FA2C7ADD2AF261D100582106 /* NavigationStudyUITestsLaunchTests.swift in Sources */,
				FA2C7ADB2AF261D100582106 /* NavigationStudyUITests.swift in Sources */,
			);
			runOnlyForDeploymentPostprocessing = 0;
		};
/* End PBXSourcesBuildPhase section */

/* Begin PBXTargetDependency section */
		FA2C7ACE2AF261D100582106 /* PBXTargetDependency */ = {
			isa = PBXTargetDependency;
			target = FA2C7ABB2AF261D000582106 /* NavigationStudy */;
			targetProxy = FA2C7ACD2AF261D100582106 /* PBXContainerItemProxy */;
		};
		FA2C7AD82AF261D100582106 /* PBXTargetDependency */ = {
			isa = PBXTargetDependency;
			target = FA2C7ABB2AF261D000582106 /* NavigationStudy */;
			targetProxy = FA2C7AD72AF261D100582106 /* PBXContainerItemProxy */;
		};
/* End PBXTargetDependency section */

/* Begin XCBuildConfiguration section */
		FA2C7ADE2AF261D100582106 /* Debug */ = {
			isa = XCBuildConfiguration;
			buildSettings = {
				ALWAYS_SEARCH_USER_PATHS = NO;
				ASSETCATALOG_COMPILER_GENERATE_SWIFT_ASSET_SYMBOL_EXTENSIONS = YES;
				CLANG_ANALYZER_NONNULL = YES;
				CLANG_ANALYZER_NUMBER_OBJECT_CONVERSION = YES_AGGRESSIVE;
				CLANG_CXX_LANGUAGE_STANDARD = "gnu++20";
				CLANG_ENABLE_MODULES = YES;
				CLANG_ENABLE_OBJC_ARC = YES;
				CLANG_ENABLE_OBJC_WEAK = YES;
				CLANG_WARN_BLOCK_CAPTURE_AUTORELEASING = YES;
				CLANG_WARN_BOOL_CONVERSION = YES;
				CLANG_WARN_COMMA = YES;
				CLANG_WARN_CONSTANT_CONVERSION = YES;
				CLANG_WARN_DEPRECATED_OBJC_IMPLEMENTATIONS = YES;
				CLANG_WARN_DIRECT_OBJC_ISA_USAGE = YES_ERROR;
				CLANG_WARN_DOCUMENTATION_COMMENTS = YES;
				CLANG_WARN_EMPTY_BODY = YES;
				CLANG_WARN_ENUM_CONVERSION = YES;
				CLANG_WARN_INFINITE_RECURSION = YES;
				CLANG_WARN_INT_CONVERSION = YES;
				CLANG_WARN_NON_LITERAL_NULL_CONVERSION = YES;
				CLANG_WARN_OBJC_IMPLICIT_RETAIN_SELF = YES;
				CLANG_WARN_OBJC_LITERAL_CONVERSION = YES;
				CLANG_WARN_OBJC_ROOT_CLASS = YES_ERROR;
				CLANG_WARN_QUOTED_INCLUDE_IN_FRAMEWORK_HEADER = YES;
				CLANG_WARN_RANGE_LOOP_ANALYSIS = YES;
				CLANG_WARN_STRICT_PROTOTYPES = YES;
				CLANG_WARN_SUSPICIOUS_MOVE = YES;
				CLANG_WARN_UNGUARDED_AVAILABILITY = YES_AGGRESSIVE;
				CLANG_WARN_UNREACHABLE_CODE = YES;
				CLANG_WARN__DUPLICATE_METHOD_MATCH = YES;
				COPY_PHASE_STRIP = NO;
				DEBUG_INFORMATION_FORMAT = dwarf;
				ENABLE_STRICT_OBJC_MSGSEND = YES;
				ENABLE_TESTABILITY = YES;
				ENABLE_USER_SCRIPT_SANDBOXING = YES;
				GCC_C_LANGUAGE_STANDARD = gnu17;
				GCC_DYNAMIC_NO_PIC = NO;
				GCC_NO_COMMON_BLOCKS = YES;
				GCC_OPTIMIZATION_LEVEL = 0;
				GCC_PREPROCESSOR_DEFINITIONS = (
					"DEBUG=1",
					"$(inherited)",
				);
				GCC_WARN_64_TO_32_BIT_CONVERSION = YES;
				GCC_WARN_ABOUT_RETURN_TYPE = YES_ERROR;
				GCC_WARN_UNDECLARED_SELECTOR = YES;
				GCC_WARN_UNINITIALIZED_AUTOS = YES_AGGRESSIVE;
				GCC_WARN_UNUSED_FUNCTION = YES;
				GCC_WARN_UNUSED_VARIABLE = YES;
				IPHONEOS_DEPLOYMENT_TARGET = 17.0;
				LOCALIZATION_PREFERS_STRING_CATALOGS = YES;
				MTL_ENABLE_DEBUG_INFO = INCLUDE_SOURCE;
				MTL_FAST_MATH = YES;
				ONLY_ACTIVE_ARCH = YES;
				SDKROOT = iphoneos;
				SWIFT_ACTIVE_COMPILATION_CONDITIONS = "DEBUG $(inherited)";
				SWIFT_OPTIMIZATION_LEVEL = "-Onone";
			};
			name = Debug;
		};
		FA2C7ADF2AF261D100582106 /* Release */ = {
			isa = XCBuildConfiguration;
			buildSettings = {
				ALWAYS_SEARCH_USER_PATHS = NO;
				ASSETCATALOG_COMPILER_GENERATE_SWIFT_ASSET_SYMBOL_EXTENSIONS = YES;
				CLANG_ANALYZER_NONNULL = YES;
				CLANG_ANALYZER_NUMBER_OBJECT_CONVERSION = YES_AGGRESSIVE;
				CLANG_CXX_LANGUAGE_STANDARD = "gnu++20";
				CLANG_ENABLE_MODULES = YES;
				CLANG_ENABLE_OBJC_ARC = YES;
				CLANG_ENABLE_OBJC_WEAK = YES;
				CLANG_WARN_BLOCK_CAPTURE_AUTORELEASING = YES;
				CLANG_WARN_BOOL_CONVERSION = YES;
				CLANG_WARN_COMMA = YES;
				CLANG_WARN_CONSTANT_CONVERSION = YES;
				CLANG_WARN_DEPRECATED_OBJC_IMPLEMENTATIONS = YES;
				CLANG_WARN_DIRECT_OBJC_ISA_USAGE = YES_ERROR;
				CLANG_WARN_DOCUMENTATION_COMMENTS = YES;
				CLANG_WARN_EMPTY_BODY = YES;
				CLANG_WARN_ENUM_CONVERSION = YES;
				CLANG_WARN_INFINITE_RECURSION = YES;
				CLANG_WARN_INT_CONVERSION = YES;
				CLANG_WARN_NON_LITERAL_NULL_CONVERSION = YES;
				CLANG_WARN_OBJC_IMPLICIT_RETAIN_SELF = YES;
				CLANG_WARN_OBJC_LITERAL_CONVERSION = YES;
				CLANG_WARN_OBJC_ROOT_CLASS = YES_ERROR;
				CLANG_WARN_QUOTED_INCLUDE_IN_FRAMEWORK_HEADER = YES;
				CLANG_WARN_RANGE_LOOP_ANALYSIS = YES;
				CLANG_WARN_STRICT_PROTOTYPES = YES;
				CLANG_WARN_SUSPICIOUS_MOVE = YES;
				CLANG_WARN_UNGUARDED_AVAILABILITY = YES_AGGRESSIVE;
				CLANG_WARN_UNREACHABLE_CODE = YES;
				CLANG_WARN__DUPLICATE_METHOD_MATCH = YES;
				COPY_PHASE_STRIP = NO;
				DEBUG_INFORMATION_FORMAT = "dwarf-with-dsym";
				ENABLE_NS_ASSERTIONS = NO;
				ENABLE_STRICT_OBJC_MSGSEND = YES;
				ENABLE_USER_SCRIPT_SANDBOXING = YES;
				GCC_C_LANGUAGE_STANDARD = gnu17;
				GCC_NO_COMMON_BLOCKS = YES;
				GCC_WARN_64_TO_32_BIT_CONVERSION = YES;
				GCC_WARN_ABOUT_RETURN_TYPE = YES_ERROR;
				GCC_WARN_UNDECLARED_SELECTOR = YES;
				GCC_WARN_UNINITIALIZED_AUTOS = YES_AGGRESSIVE;
				GCC_WARN_UNUSED_FUNCTION = YES;
				GCC_WARN_UNUSED_VARIABLE = YES;
				IPHONEOS_DEPLOYMENT_TARGET = 17.0;
				LOCALIZATION_PREFERS_STRING_CATALOGS = YES;
				MTL_ENABLE_DEBUG_INFO = NO;
				MTL_FAST_MATH = YES;
				SDKROOT = iphoneos;
				SWIFT_COMPILATION_MODE = wholemodule;
				VALIDATE_PRODUCT = YES;
			};
			name = Release;
		};
		FA2C7AE12AF261D100582106 /* Debug */ = {
			isa = XCBuildConfiguration;
			buildSettings = {
				ASSETCATALOG_COMPILER_APPICON_NAME = AppIcon;
				ASSETCATALOG_COMPILER_GLOBAL_ACCENT_COLOR_NAME = AccentColor;
				CODE_SIGN_STYLE = Automatic;
				CURRENT_PROJECT_VERSION = 1;
				DEVELOPMENT_ASSET_PATHS = "\"NavigationStudy/Preview Content\"";
				DEVELOPMENT_TEAM = 3TGR3P459K;
				ENABLE_PREVIEWS = YES;
				GENERATE_INFOPLIST_FILE = YES;
				INFOPLIST_KEY_UIApplicationSceneManifest_Generation = YES;
				INFOPLIST_KEY_UIApplicationSupportsIndirectInputEvents = YES;
				INFOPLIST_KEY_UILaunchScreen_Generation = YES;
				INFOPLIST_KEY_UISupportedInterfaceOrientations_iPad = "UIInterfaceOrientationPortrait UIInterfaceOrientationPortraitUpsideDown UIInterfaceOrientationLandscapeLeft UIInterfaceOrientationLandscapeRight";
				INFOPLIST_KEY_UISupportedInterfaceOrientations_iPhone = "UIInterfaceOrientationPortrait UIInterfaceOrientationLandscapeLeft UIInterfaceOrientationLandscapeRight";
				LD_RUNPATH_SEARCH_PATHS = (
					"$(inherited)",
					"@executable_path/Frameworks",
				);
				MARKETING_VERSION = 1.0;
				PRODUCT_BUNDLE_IDENTIFIER = github.Haesus.NavigationStudy;
				PRODUCT_NAME = "$(TARGET_NAME)";
				SWIFT_EMIT_LOC_STRINGS = YES;
				SWIFT_VERSION = 5.0;
				TARGETED_DEVICE_FAMILY = "1,2";
			};
			name = Debug;
		};
		FA2C7AE22AF261D100582106 /* Release */ = {
			isa = XCBuildConfiguration;
			buildSettings = {
				ASSETCATALOG_COMPILER_APPICON_NAME = AppIcon;
				ASSETCATALOG_COMPILER_GLOBAL_ACCENT_COLOR_NAME = AccentColor;
				CODE_SIGN_STYLE = Automatic;
				CURRENT_PROJECT_VERSION = 1;
				DEVELOPMENT_ASSET_PATHS = "\"NavigationStudy/Preview Content\"";
				DEVELOPMENT_TEAM = 3TGR3P459K;
				ENABLE_PREVIEWS = YES;
				GENERATE_INFOPLIST_FILE = YES;
				INFOPLIST_KEY_UIApplicationSceneManifest_Generation = YES;
				INFOPLIST_KEY_UIApplicationSupportsIndirectInputEvents = YES;
				INFOPLIST_KEY_UILaunchScreen_Generation = YES;
				INFOPLIST_KEY_UISupportedInterfaceOrientations_iPad = "UIInterfaceOrientationPortrait UIInterfaceOrientationPortraitUpsideDown UIInterfaceOrientationLandscapeLeft UIInterfaceOrientationLandscapeRight";
				INFOPLIST_KEY_UISupportedInterfaceOrientations_iPhone = "UIInterfaceOrientationPortrait UIInterfaceOrientationLandscapeLeft UIInterfaceOrientationLandscapeRight";
				LD_RUNPATH_SEARCH_PATHS = (
					"$(inherited)",
					"@executable_path/Frameworks",
				);
				MARKETING_VERSION = 1.0;
				PRODUCT_BUNDLE_IDENTIFIER = github.Haesus.NavigationStudy;
				PRODUCT_NAME = "$(TARGET_NAME)";
				SWIFT_EMIT_LOC_STRINGS = YES;
				SWIFT_VERSION = 5.0;
				TARGETED_DEVICE_FAMILY = "1,2";
			};
			name = Release;
		};
		FA2C7AE42AF261D100582106 /* Debug */ = {
			isa = XCBuildConfiguration;
			buildSettings = {
				ALWAYS_EMBED_SWIFT_STANDARD_LIBRARIES = YES;
				BUNDLE_LOADER = "$(TEST_HOST)";
				CODE_SIGN_STYLE = Automatic;
				CURRENT_PROJECT_VERSION = 1;
				DEVELOPMENT_TEAM = 3TGR3P459K;
				GENERATE_INFOPLIST_FILE = YES;
				IPHONEOS_DEPLOYMENT_TARGET = 17.0;
				MARKETING_VERSION = 1.0;
				PRODUCT_BUNDLE_IDENTIFIER = github.Haesus.NavigationStudyTests;
				PRODUCT_NAME = "$(TARGET_NAME)";
				SWIFT_EMIT_LOC_STRINGS = NO;
				SWIFT_VERSION = 5.0;
				TARGETED_DEVICE_FAMILY = "1,2";
				TEST_HOST = "$(BUILT_PRODUCTS_DIR)/NavigationStudy.app/$(BUNDLE_EXECUTABLE_FOLDER_PATH)/NavigationStudy";
			};
			name = Debug;
		};
		FA2C7AE52AF261D100582106 /* Release */ = {
			isa = XCBuildConfiguration;
			buildSettings = {
				ALWAYS_EMBED_SWIFT_STANDARD_LIBRARIES = YES;
				BUNDLE_LOADER = "$(TEST_HOST)";
				CODE_SIGN_STYLE = Automatic;
				CURRENT_PROJECT_VERSION = 1;
				DEVELOPMENT_TEAM = 3TGR3P459K;
				GENERATE_INFOPLIST_FILE = YES;
				IPHONEOS_DEPLOYMENT_TARGET = 17.0;
				MARKETING_VERSION = 1.0;
				PRODUCT_BUNDLE_IDENTIFIER = github.Haesus.NavigationStudyTests;
				PRODUCT_NAME = "$(TARGET_NAME)";
				SWIFT_EMIT_LOC_STRINGS = NO;
				SWIFT_VERSION = 5.0;
				TARGETED_DEVICE_FAMILY = "1,2";
				TEST_HOST = "$(BUILT_PRODUCTS_DIR)/NavigationStudy.app/$(BUNDLE_EXECUTABLE_FOLDER_PATH)/NavigationStudy";
			};
			name = Release;
		};
		FA2C7AE72AF261D100582106 /* Debug */ = {
			isa = XCBuildConfiguration;
			buildSettings = {
				ALWAYS_EMBED_SWIFT_STANDARD_LIBRARIES = YES;
				CODE_SIGN_STYLE = Automatic;
				CURRENT_PROJECT_VERSION = 1;
				DEVELOPMENT_TEAM = 3TGR3P459K;
				GENERATE_INFOPLIST_FILE = YES;
				MARKETING_VERSION = 1.0;
				PRODUCT_BUNDLE_IDENTIFIER = github.Haesus.NavigationStudyUITests;
				PRODUCT_NAME = "$(TARGET_NAME)";
				SWIFT_EMIT_LOC_STRINGS = NO;
				SWIFT_VERSION = 5.0;
				TARGETED_DEVICE_FAMILY = "1,2";
				TEST_TARGET_NAME = NavigationStudy;
			};
			name = Debug;
		};
		FA2C7AE82AF261D100582106 /* Release */ = {
			isa = XCBuildConfiguration;
			buildSettings = {
				ALWAYS_EMBED_SWIFT_STANDARD_LIBRARIES = YES;
				CODE_SIGN_STYLE = Automatic;
				CURRENT_PROJECT_VERSION = 1;
				DEVELOPMENT_TEAM = 3TGR3P459K;
				GENERATE_INFOPLIST_FILE = YES;
				MARKETING_VERSION = 1.0;
				PRODUCT_BUNDLE_IDENTIFIER = github.Haesus.NavigationStudyUITests;
				PRODUCT_NAME = "$(TARGET_NAME)";
				SWIFT_EMIT_LOC_STRINGS = NO;
				SWIFT_VERSION = 5.0;
				TARGETED_DEVICE_FAMILY = "1,2";
				TEST_TARGET_NAME = NavigationStudy;
			};
			name = Release;
		};
/* End XCBuildConfiguration section */

/* Begin XCConfigurationList section */
		FA2C7AB72AF261D000582106 /* Build configuration list for PBXProject "NavigationStudy" */ = {
			isa = XCConfigurationList;
			buildConfigurations = (
				FA2C7ADE2AF261D100582106 /* Debug */,
				FA2C7ADF2AF261D100582106 /* Release */,
			);
			defaultConfigurationIsVisible = 0;
			defaultConfigurationName = Release;
		};
		FA2C7AE02AF261D100582106 /* Build configuration list for PBXNativeTarget "NavigationStudy" */ = {
			isa = XCConfigurationList;
			buildConfigurations = (
				FA2C7AE12AF261D100582106 /* Debug */,
				FA2C7AE22AF261D100582106 /* Release */,
			);
			defaultConfigurationIsVisible = 0;
			defaultConfigurationName = Release;
		};
		FA2C7AE32AF261D100582106 /* Build configuration list for PBXNativeTarget "NavigationStudyTests" */ = {
			isa = XCConfigurationList;
			buildConfigurations = (
				FA2C7AE42AF261D100582106 /* Debug */,
				FA2C7AE52AF261D100582106 /* Release */,
			);
			defaultConfigurationIsVisible = 0;
			defaultConfigurationName = Release;
		};
		FA2C7AE62AF261D100582106 /* Build configuration list for PBXNativeTarget "NavigationStudyUITests" */ = {
			isa = XCConfigurationList;
			buildConfigurations = (
				FA2C7AE72AF261D100582106 /* Debug */,
				FA2C7AE82AF261D100582106 /* Release */,
			);
			defaultConfigurationIsVisible = 0;
			defaultConfigurationName = Release;
		};
/* End XCConfigurationList section */
	};
	rootObject = FA2C7AB42AF261D000582106 /* Project object */;
}
